{
  "object": {
    "pins": [
      {
        "package": "View2ViewTransition",
        "repositoryURL": "https://github.com/paveltrafimuk/View2ViewTransition",
        "state": {
          "branch": null,
          "revision": "293d672db725d7ebe83d14babe2596552f16fb89",
          "version": "1.4.6"
        }
      }
    ]
  },
  "version": 1
}
