{
  "object": {
    "pins": [
      {
        "package": "View2ViewTransition",
        "repositoryURL": "https://github.com/paveltrafimuk/View2ViewTransition",
        "state": {
          "branch": null,
          "revision": "79f4e6d5b9d99c9162fe303e74effce4fbbf565e",
          "version": "1.3.4"
        }
      }
    ]
  },
  "version": 1
}
